
Microsoft Visual Studio Solution File, Format Version 12.00
# Visual Studio Version 17
VisualStudioVersion = 17.5.33424.131
MinimumVisualStudioVersion = 10.0.40219.1
Project("{FAE04EC0-301F-11D3-BF4B-00C04F79EFBC}") = "Exercicio01", "Exercicio01\Exercicio01.csproj", "{D4742977-F14A-4229-91B3-4223BCFFE092}"
EndProject
Project("{FAE04EC0-301F-11D3-BF4B-00C04F79EFBC}") = "Exercicio02", "Exercicio02\Exercicio02.csproj", "{74BEDCF4-C3FF-4EC4-A968-49A72EA53921}"
EndProject
Project("{FAE04EC0-301F-11D3-BF4B-00C04F79EFBC}") = "Exercicio03", "Exercicio03\Exercicio03.csproj", "{5F78792B-0EBD-4CC1-B4CC-717A71B0D0C5}"
EndProject
Project("{FAE04EC0-301F-11D3-BF4B-00C04F79EFBC}") = "Exercicio04", "Exercicio04\Exercicio04.csproj", "{E0E058E8-B862-4EFE-A7CD-A1DE11BC0818}"
EndProject
Project("{FAE04EC0-301F-11D3-BF4B-00C04F79EFBC}") = "Exercicio05", "Exercicio05\Exercicio05.csproj", "{6726C926-743D-48BF-9CA6-3D3D8466F619}"
EndProject
Project("{FAE04EC0-301F-11D3-BF4B-00C04F79EFBC}") = "Exercicio06", "Exercicio06\Exercicio06.csproj", "{AB739251-A07E-4B32-A9F2-37B1EDF2343A}"
EndProject
Project("{FAE04EC0-301F-11D3-BF4B-00C04F79EFBC}") = "Exercicio07", "Exercicio07\Exercicio07.csproj", "{11F0FD1D-F839-4B9B-8774-A5FF35A7DCD4}"
EndProject
Project("{FAE04EC0-301F-11D3-BF4B-00C04F79EFBC}") = "Exercicio08", "Exercicio08\Exercicio08.csproj", "{DE98C415-ED8B-4BD4-8B9A-861FDFBF8B7F}"
EndProject
Project("{FAE04EC0-301F-11D3-BF4B-00C04F79EFBC}") = "Exercicio09", "Exercicio09\Exercicio09.csproj", "{A84DB57C-899E-4148-BE08-0EC5BA73F840}"
EndProject
Project("{FAE04EC0-301F-11D3-BF4B-00C04F79EFBC}") = "Exercicio10", "Exercicio10\Exercicio10.csproj", "{815DFD3C-D159-44CE-B335-9A6D1013C264}"
EndProject
Global
	GlobalSection(SolutionConfigurationPlatforms) = preSolution
		Debug|Any CPU = Debug|Any CPU
		Release|Any CPU = Release|Any CPU
	EndGlobalSection
	GlobalSection(ProjectConfigurationPlatforms) = postSolution
		{D4742977-F14A-4229-91B3-4223BCFFE092}.Debug|Any CPU.ActiveCfg = Debug|Any CPU
		{D4742977-F14A-4229-91B3-4223BCFFE092}.Debug|Any CPU.Build.0 = Debug|Any CPU
		{D4742977-F14A-4229-91B3-4223BCFFE092}.Release|Any CPU.ActiveCfg = Release|Any CPU
		{D4742977-F14A-4229-91B3-4223BCFFE092}.Release|Any CPU.Build.0 = Release|Any CPU
		{74BEDCF4-C3FF-4EC4-A968-49A72EA53921}.Debug|Any CPU.ActiveCfg = Debug|Any CPU
		{74BEDCF4-C3FF-4EC4-A968-49A72EA53921}.Debug|Any CPU.Build.0 = Debug|Any CPU
		{74BEDCF4-C3FF-4EC4-A968-49A72EA53921}.Release|Any CPU.ActiveCfg = Release|Any CPU
		{74BEDCF4-C3FF-4EC4-A968-49A72EA53921}.Release|Any CPU.Build.0 = Release|Any CPU
		{5F78792B-0EBD-4CC1-B4CC-717A71B0D0C5}.Debug|Any CPU.ActiveCfg = Debug|Any CPU
		{5F78792B-0EBD-4CC1-B4CC-717A71B0D0C5}.Debug|Any CPU.Build.0 = Debug|Any CPU
		{5F78792B-0EBD-4CC1-B4CC-717A71B0D0C5}.Release|Any CPU.ActiveCfg = Release|Any CPU
		{5F78792B-0EBD-4CC1-B4CC-717A71B0D0C5}.Release|Any CPU.Build.0 = Release|Any CPU
		{E0E058E8-B862-4EFE-A7CD-A1DE11BC0818}.Debug|Any CPU.ActiveCfg = Debug|Any CPU
		{E0E058E8-B862-4EFE-A7CD-A1DE11BC0818}.Debug|Any CPU.Build.0 = Debug|Any CPU
		{E0E058E8-B862-4EFE-A7CD-A1DE11BC0818}.Release|Any CPU.ActiveCfg = Release|Any CPU
		{E0E058E8-B862-4EFE-A7CD-A1DE11BC0818}.Release|Any CPU.Build.0 = Release|Any CPU
		{6726C926-743D-48BF-9CA6-3D3D8466F619}.Debug|Any CPU.ActiveCfg = Debug|Any CPU
		{6726C926-743D-48BF-9CA6-3D3D8466F619}.Debug|Any CPU.Build.0 = Debug|Any CPU
		{6726C926-743D-48BF-9CA6-3D3D8466F619}.Release|Any CPU.ActiveCfg = Release|Any CPU
		{6726C926-743D-48BF-9CA6-3D3D8466F619}.Release|Any CPU.Build.0 = Release|Any CPU
		{AB739251-A07E-4B32-A9F2-37B1EDF2343A}.Debug|Any CPU.ActiveCfg = Debug|Any CPU
		{AB739251-A07E-4B32-A9F2-37B1EDF2343A}.Debug|Any CPU.Build.0 = Debug|Any CPU
		{AB739251-A07E-4B32-A9F2-37B1EDF2343A}.Release|Any CPU.ActiveCfg = Release|Any CPU
		{AB739251-A07E-4B32-A9F2-37B1EDF2343A}.Release|Any CPU.Build.0 = Release|Any CPU
		{11F0FD1D-F839-4B9B-8774-A5FF35A7DCD4}.Debug|Any CPU.ActiveCfg = Debug|Any CPU
		{11F0FD1D-F839-4B9B-8774-A5FF35A7DCD4}.Debug|Any CPU.Build.0 = Debug|Any CPU
		{11F0FD1D-F839-4B9B-8774-A5FF35A7DCD4}.Release|Any CPU.ActiveCfg = Release|Any CPU
		{11F0FD1D-F839-4B9B-8774-A5FF35A7DCD4}.Release|Any CPU.Build.0 = Release|Any CPU
		{DE98C415-ED8B-4BD4-8B9A-861FDFBF8B7F}.Debug|Any CPU.ActiveCfg = Debug|Any CPU
		{DE98C415-ED8B-4BD4-8B9A-861FDFBF8B7F}.Debug|Any CPU.Build.0 = Debug|Any CPU
		{DE98C415-ED8B-4BD4-8B9A-861FDFBF8B7F}.Release|Any CPU.ActiveCfg = Release|Any CPU
		{DE98C415-ED8B-4BD4-8B9A-861FDFBF8B7F}.Release|Any CPU.Build.0 = Release|Any CPU
		{A84DB57C-899E-4148-BE08-0EC5BA73F840}.Debug|Any CPU.ActiveCfg = Debug|Any CPU
		{A84DB57C-899E-4148-BE08-0EC5BA73F840}.Debug|Any CPU.Build.0 = Debug|Any CPU
		{A84DB57C-899E-4148-BE08-0EC5BA73F840}.Release|Any CPU.ActiveCfg = Release|Any CPU
		{A84DB57C-899E-4148-BE08-0EC5BA73F840}.Release|Any CPU.Build.0 = Release|Any CPU
		{815DFD3C-D159-44CE-B335-9A6D1013C264}.Debug|Any CPU.ActiveCfg = Debug|Any CPU
		{815DFD3C-D159-44CE-B335-9A6D1013C264}.Debug|Any CPU.Build.0 = Debug|Any CPU
		{815DFD3C-D159-44CE-B335-9A6D1013C264}.Release|Any CPU.ActiveCfg = Release|Any CPU
		{815DFD3C-D159-44CE-B335-9A6D1013C264}.Release|Any CPU.Build.0 = Release|Any CPU
	EndGlobalSection
	GlobalSection(SolutionProperties) = preSolution
		HideSolutionNode = FALSE
	EndGlobalSection
	GlobalSection(ExtensibilityGlobals) = postSolution
		SolutionGuid = {383058D5-0D3A-45A8-9F2B-C55ED083C4A9}
	EndGlobalSection
EndGlobal
